
Microsoft Visual Studio Solution File, Format Version 12.00
# Visual Studio 15
VisualStudioVersion = 15.0.27130.2027
MinimumVisualStudioVersion = 10.0.40219.1
Project("{9A19103F-16F7-4668-BE54-9A1E7A4F7556}") = "Backend", "Backend.csproj", "{4E73A24F-68B9-4CD8-A0FA-441C858292F8}"
EndProject
Project("{9A19103F-16F7-4668-BE54-9A1E7A4F7556}") = "Backend.Tests", "..\Backend.Tests\Backend.Tests.csproj", "{213C77F0-AA24-4B82-8021-E1311DD16A27}"
EndProject
Global
	GlobalSection(SolutionConfigurationPlatforms) = preSolution
		Debug|Any CPU = Debug|Any CPU
		Release|Any CPU = Release|Any CPU
	EndGlobalSection
	GlobalSection(ProjectConfigurationPlatforms) = postSolution
		{4E73A24F-68B9-4CD8-A0FA-441C858292F8}.Debug|Any CPU.ActiveCfg = Debug|Any CPU
		{4E73A24F-68B9-4CD8-A0FA-441C858292F8}.Debug|Any CPU.Build.0 = Debug|Any CPU
		{4E73A24F-68B9-4CD8-A0FA-441C858292F8}.Release|Any CPU.ActiveCfg = Release|Any CPU
		{4E73A24F-68B9-4CD8-A0FA-441C858292F8}.Release|Any CPU.Build.0 = Release|Any CPU
		{213C77F0-AA24-4B82-8021-E1311DD16A27}.Debug|Any CPU.ActiveCfg = Debug|Any CPU
		{213C77F0-AA24-4B82-8021-E1311DD16A27}.Debug|Any CPU.Build.0 = Debug|Any CPU
		{213C77F0-AA24-4B82-8021-E1311DD16A27}.Release|Any CPU.ActiveCfg = Release|Any CPU
		{213C77F0-AA24-4B82-8021-E1311DD16A27}.Release|Any CPU.Build.0 = Release|Any CPU
	EndGlobalSection
	GlobalSection(SolutionProperties) = preSolution
		HideSolutionNode = FALSE
	EndGlobalSection
	GlobalSection(ExtensibilityGlobals) = postSolution
		SolutionGuid = {7DCDED4B-1945-4413-8ABC-3CC9A1742494}
	EndGlobalSection
EndGlobal
