
Microsoft Visual Studio Solution File, Format Version 12.00
# Visual Studio 15
VisualStudioVersion = 15.0.27130.2027
MinimumVisualStudioVersion = 10.0.40219.1
Project("{9A19103F-16F7-4668-BE54-9A1E7A4F7556}") = "QCVOC.Api", "QCVOC.Api\QCVOC.Api.csproj", "{918F1E13-C3BE-4FFB-9014-7B15FCA4511C}"
EndProject
Project("{9A19103F-16F7-4668-BE54-9A1E7A4F7556}") = "QCVOC.Api.Tests", "QCVOC.Api.Tests\QCVOC.Api.Tests.csproj", "{342CAF67-4D56-4C94-B052-A504A54CFA89}"
EndProject
Global
	GlobalSection(SolutionConfigurationPlatforms) = preSolution
		Debug|Any CPU = Debug|Any CPU
		Release|Any CPU = Release|Any CPU
	EndGlobalSection
	GlobalSection(ProjectConfigurationPlatforms) = postSolution
		{918F1E13-C3BE-4FFB-9014-7B15FCA4511C}.Debug|Any CPU.ActiveCfg = Debug|Any CPU
		{918F1E13-C3BE-4FFB-9014-7B15FCA4511C}.Debug|Any CPU.Build.0 = Debug|Any CPU
		{918F1E13-C3BE-4FFB-9014-7B15FCA4511C}.Release|Any CPU.ActiveCfg = Release|Any CPU
		{918F1E13-C3BE-4FFB-9014-7B15FCA4511C}.Release|Any CPU.Build.0 = Release|Any CPU
		{342CAF67-4D56-4C94-B052-A504A54CFA89}.Debug|Any CPU.ActiveCfg = Debug|Any CPU
		{342CAF67-4D56-4C94-B052-A504A54CFA89}.Debug|Any CPU.Build.0 = Debug|Any CPU
		{342CAF67-4D56-4C94-B052-A504A54CFA89}.Release|Any CPU.ActiveCfg = Release|Any CPU
		{342CAF67-4D56-4C94-B052-A504A54CFA89}.Release|Any CPU.Build.0 = Release|Any CPU
	EndGlobalSection
	GlobalSection(SolutionProperties) = preSolution
		HideSolutionNode = FALSE
	EndGlobalSection
	GlobalSection(ExtensibilityGlobals) = postSolution
		SolutionGuid = {7C144A13-C764-4C8D-AD70-DB8A5F8FE6D7}
	EndGlobalSection
EndGlobal
